// !$*UTF8*$!
{
	archiveVersion = 1;
	classes = {
	};
	objectVersion = 55;
	objects = {

/* Begin PBXBuildFile section */
		DAF3D34D281DE1CD005E15DF /* AppDelegate.swift in Sources */ = {isa = PBXBuildFile; fileRef = DAF3D34C281DE1CD005E15DF /* AppDelegate.swift */; };
		DAF3D34F281DE1CD005E15DF /* SceneDelegate.swift in Sources */ = {isa = PBXBuildFile; fileRef = DAF3D34E281DE1CD005E15DF /* SceneDelegate.swift */; };
		DAF3D351281DE1CD005E15DF /* ViewController.swift in Sources */ = {isa = PBXBuildFile; fileRef = DAF3D350281DE1CD005E15DF /* ViewController.swift */; };
		DAF3D354281DE1CD005E15DF /* Main.storyboard in Resources */ = {isa = PBXBuildFile; fileRef = DAF3D352281DE1CD005E15DF /* Main.storyboard */; };
		DAF3D356281DE1CF005E15DF /* Assets.xcassets in Resources */ = {isa = PBXBuildFile; fileRef = DAF3D355281DE1CF005E15DF /* Assets.xcassets */; };
		DAF3D359281DE1CF005E15DF /* LaunchScreen.storyboard in Resources */ = {isa = PBXBuildFile; fileRef = DAF3D357281DE1CF005E15DF /* LaunchScreen.storyboard */; };
		DAF3D361281DE1FA005E15DF /* ViewController2.swift in Sources */ = {isa = PBXBuildFile; fileRef = DAF3D360281DE1FA005E15DF /* ViewController2.swift */; };
		DAF3D363281DE202005E15DF /* ViewController3.swift in Sources */ = {isa = PBXBuildFile; fileRef = DAF3D362281DE202005E15DF /* ViewController3.swift */; };
/* End PBXBuildFile section */

/* Begin PBXFileReference section */
		DAF3D349281DE1CD005E15DF /* udemy_navigation_yayginyontem.app */ = {isa = PBXFileReference; explicitFileType = wrapper.application; includeInIndex = 0; path = udemy_navigation_yayginyontem.app; sourceTree = BUILT_PRODUCTS_DIR; };
		DAF3D34C281DE1CD005E15DF /* AppDelegate.swift */ = {isa = PBXFileReference; lastKnownFileType = sourcecode.swift; path = AppDelegate.swift; sourceTree = "<group>"; };
		DAF3D34E281DE1CD005E15DF /* SceneDelegate.swift */ = {isa = PBXFileReference; lastKnownFileType = sourcecode.swift; path = SceneDelegate.swift; sourceTree = "<group>"; };
		DAF3D350281DE1CD005E15DF /* ViewController.swift */ = {isa = PBXFileReference; lastKnownFileType = sourcecode.swift; path = ViewController.swift; sourceTree = "<group>"; };
		DAF3D353281DE1CD005E15DF /* Base */ = {isa = PBXFileReference; lastKnownFileType = file.storyboard; name = Base; path = Base.lproj/Main.storyboard; sourceTree = "<group>"; };
		DAF3D355281DE1CF005E15DF /* Assets.xcassets */ = {isa = PBXFileReference; lastKnownFileType = folder.assetcatalog; path = Assets.xcassets; sourceTree = "<group>"; };
		DAF3D358281DE1CF005E15DF /* Base */ = {isa = PBXFileReference; lastKnownFileType = file.storyboard; name = Base; path = Base.lproj/LaunchScreen.storyboard; sourceTree = "<group>"; };
		DAF3D35A281DE1CF005E15DF /* Info.plist */ = {isa = PBXFileReference; lastKnownFileType = text.plist.xml; path = Info.plist; sourceTree = "<group>"; };
		DAF3D360281DE1FA005E15DF /* ViewController2.swift */ = {isa = PBXFileReference; lastKnownFileType = sourcecode.swift; path = ViewController2.swift; sourceTree = "<group>"; };
		DAF3D362281DE202005E15DF /* ViewController3.swift */ = {isa = PBXFileReference; lastKnownFileType = sourcecode.swift; path = ViewController3.swift; sourceTree = "<group>"; };
/* End PBXFileReference section */

/* Begin PBXFrameworksBuildPhase section */
		DAF3D346281DE1CD005E15DF /* Frameworks */ = {
			isa = PBXFrameworksBuildPhase;
			buildActionMask = 2147483647;
			files = (
			);
			runOnlyForDeploymentPostprocessing = 0;
		};
/* End PBXFrameworksBuildPhase section */

/* Begin PBXGroup section */
		DAF3D340281DE1CD005E15DF = {
			isa = PBXGroup;
			children = (
				DAF3D34B281DE1CD005E15DF /* udemy_navigation_yayginyontem */,
				DAF3D34A281DE1CD005E15DF /* Products */,
			);
			sourceTree = "<group>";
		};
		DAF3D34A281DE1CD005E15DF /* Products */ = {
			isa = PBXGroup;
			children = (
				DAF3D349281DE1CD005E15DF /* udemy_navigation_yayginyontem.app */,
			);
			name = Products;
			sourceTree = "<group>";
		};
		DAF3D34B281DE1CD005E15DF /* udemy_navigation_yayginyontem */ = {
			isa = PBXGroup;
			children = (
				DAF3D34C281DE1CD005E15DF /* AppDelegate.swift */,
				DAF3D34E281DE1CD005E15DF /* SceneDelegate.swift */,
				DAF3D350281DE1CD005E15DF /* ViewController.swift */,
				DAF3D352281DE1CD005E15DF /* Main.storyboard */,
				DAF3D355281DE1CF005E15DF /* Assets.xcassets */,
				DAF3D357281DE1CF005E15DF /* LaunchScreen.storyboard */,
				DAF3D35A281DE1CF005E15DF /* Info.plist */,
				DAF3D360281DE1FA005E15DF /* ViewController2.swift */,
				DAF3D362281DE202005E15DF /* ViewController3.swift */,
			);
			path = udemy_navigation_yayginyontem;
			sourceTree = "<group>";
		};
/* End PBXGroup section */

/* Begin PBXNativeTarget section */
		DAF3D348281DE1CD005E15DF /* udemy_navigation_yayginyontem */ = {
			isa = PBXNativeTarget;
			buildConfigurationList = DAF3D35D281DE1CF005E15DF /* Build configuration list for PBXNativeTarget "udemy_navigation_yayginyontem" */;
			buildPhases = (
				DAF3D345281DE1CD005E15DF /* Sources */,
				DAF3D346281DE1CD005E15DF /* Frameworks */,
				DAF3D347281DE1CD005E15DF /* Resources */,
			);
			buildRules = (
			);
			dependencies = (
			);
			name = udemy_navigation_yayginyontem;
			productName = udemy_navigation_yayginyontem;
			productReference = DAF3D349281DE1CD005E15DF /* udemy_navigation_yayginyontem.app */;
			productType = "com.apple.product-type.application";
		};
/* End PBXNativeTarget section */

/* Begin PBXProject section */
		DAF3D341281DE1CD005E15DF /* Project object */ = {
			isa = PBXProject;
			attributes = {
				BuildIndependentTargetsInParallel = 1;
				LastSwiftUpdateCheck = 1330;
				LastUpgradeCheck = 1330;
				TargetAttributes = {
					DAF3D348281DE1CD005E15DF = {
						CreatedOnToolsVersion = 13.3.1;
					};
				};
			};
			buildConfigurationList = DAF3D344281DE1CD005E15DF /* Build configuration list for PBXProject "udemy_navigation_yayginyontem" */;
			compatibilityVersion = "Xcode 13.0";
			developmentRegion = en;
			hasScannedForEncodings = 0;
			knownRegions = (
				en,
				Base,
			);
			mainGroup = DAF3D340281DE1CD005E15DF;
			productRefGroup = DAF3D34A281DE1CD005E15DF /* Products */;
			projectDirPath = "";
			projectRoot = "";
			targets = (
				DAF3D348281DE1CD005E15DF /* udemy_navigation_yayginyontem */,
			);
		};
/* End PBXProject section */

/* Begin PBXResourcesBuildPhase section */
		DAF3D347281DE1CD005E15DF /* Resources */ = {
			isa = PBXResourcesBuildPhase;
			buildActionMask = 2147483647;
			files = (
				DAF3D359281DE1CF005E15DF /* LaunchScreen.storyboard in Resources */,
				DAF3D356281DE1CF005E15DF /* Assets.xcassets in Resources */,
				DAF3D354281DE1CD005E15DF /* Main.storyboard in Resources */,
			);
			runOnlyForDeploymentPostprocessing = 0;
		};
/* End PBXResourcesBuildPhase section */

/* Begin PBXSourcesBuildPhase section */
		DAF3D345281DE1CD005E15DF /* Sources */ = {
			isa = PBXSourcesBuildPhase;
			buildActionMask = 2147483647;
			files = (
				DAF3D363281DE202005E15DF /* ViewController3.swift in Sources */,
				DAF3D351281DE1CD005E15DF /* ViewController.swift in Sources */,
				DAF3D361281DE1FA005E15DF /* ViewController2.swift in Sources */,
				DAF3D34D281DE1CD005E15DF /* AppDelegate.swift in Sources */,
				DAF3D34F281DE1CD005E15DF /* SceneDelegate.swift in Sources */,
			);
			runOnlyForDeploymentPostprocessing = 0;
		};
/* End PBXSourcesBuildPhase section */

/* Begin PBXVariantGroup section */
		DAF3D352281DE1CD005E15DF /* Main.storyboard */ = {
			isa = PBXVariantGroup;
			children = (
				DAF3D353281DE1CD005E15DF /* Base */,
			);
			name = Main.storyboard;
			sourceTree = "<group>";
		};
		DAF3D357281DE1CF005E15DF /* LaunchScreen.storyboard */ = {
			isa = PBXVariantGroup;
			children = (
				DAF3D358281DE1CF005E15DF /* Base */,
			);
			name = LaunchScreen.storyboard;
			sourceTree = "<group>";
		};
/* End PBXVariantGroup section */

/* Begin XCBuildConfiguration section */
		DAF3D35B281DE1CF005E15DF /* Debug */ = {
			isa = XCBuildConfiguration;
			buildSettings = {
				ALWAYS_SEARCH_USER_PATHS = NO;
				CLANG_ANALYZER_NONNULL = YES;
				CLANG_ANALYZER_NUMBER_OBJECT_CONVERSION = YES_AGGRESSIVE;
				CLANG_CXX_LANGUAGE_STANDARD = "gnu++17";
				CLANG_ENABLE_MODULES = YES;
				CLANG_ENABLE_OBJC_ARC = YES;
				CLANG_ENABLE_OBJC_WEAK = YES;
				CLANG_WARN_BLOCK_CAPTURE_AUTORELEASING = YES;
				CLANG_WARN_BOOL_CONVERSION = YES;
				CLANG_WARN_COMMA = YES;
				CLANG_WARN_CONSTANT_CONVERSION = YES;
				CLANG_WARN_DEPRECATED_OBJC_IMPLEMENTATIONS = YES;
				CLANG_WARN_DIRECT_OBJC_ISA_USAGE = YES_ERROR;
				CLANG_WARN_DOCUMENTATION_COMMENTS = YES;
				CLANG_WARN_EMPTY_BODY = YES;
				CLANG_WARN_ENUM_CONVERSION = YES;
				CLANG_WARN_INFINITE_RECURSION = YES;
				CLANG_WARN_INT_CONVERSION = YES;
				CLANG_WARN_NON_LITERAL_NULL_CONVERSION = YES;
				CLANG_WARN_OBJC_IMPLICIT_RETAIN_SELF = YES;
				CLANG_WARN_OBJC_LITERAL_CONVERSION = YES;
				CLANG_WARN_OBJC_ROOT_CLASS = YES_ERROR;
				CLANG_WARN_QUOTED_INCLUDE_IN_FRAMEWORK_HEADER = YES;
				CLANG_WARN_RANGE_LOOP_ANALYSIS = YES;
				CLANG_WARN_STRICT_PROTOTYPES = YES;
				CLANG_WARN_SUSPICIOUS_MOVE = YES;
				CLANG_WARN_UNGUARDED_AVAILABILITY = YES_AGGRESSIVE;
				CLANG_WARN_UNREACHABLE_CODE = YES;
				CLANG_WARN__DUPLICATE_METHOD_MATCH = YES;
				COPY_PHASE_STRIP = NO;
				DEBUG_INFORMATION_FORMAT = dwarf;
				ENABLE_STRICT_OBJC_MSGSEND = YES;
				ENABLE_TESTABILITY = YES;
				GCC_C_LANGUAGE_STANDARD = gnu11;
				GCC_DYNAMIC_NO_PIC = NO;
				GCC_NO_COMMON_BLOCKS = YES;
				GCC_OPTIMIZATION_LEVEL = 0;
				GCC_PREPROCESSOR_DEFINITIONS = (
					"DEBUG=1",
					"$(inherited)",
				);
				GCC_WARN_64_TO_32_BIT_CONVERSION = YES;
				GCC_WARN_ABOUT_RETURN_TYPE = YES_ERROR;
				GCC_WARN_UNDECLARED_SELECTOR = YES;
				GCC_WARN_UNINITIALIZED_AUTOS = YES_AGGRESSIVE;
				GCC_WARN_UNUSED_FUNCTION = YES;
				GCC_WARN_UNUSED_VARIABLE = YES;
				IPHONEOS_DEPLOYMENT_TARGET = 15.4;
				MTL_ENABLE_DEBUG_INFO = INCLUDE_SOURCE;
				MTL_FAST_MATH = YES;
				ONLY_ACTIVE_ARCH = YES;
				SDKROOT = iphoneos;
				SWIFT_ACTIVE_COMPILATION_CONDITIONS = DEBUG;
				SWIFT_OPTIMIZATION_LEVEL = "-Onone";
			};
			name = Debug;
		};
		DAF3D35C281DE1CF005E15DF /* Release */ = {
			isa = XCBuildConfiguration;
			buildSettings = {
				ALWAYS_SEARCH_USER_PATHS = NO;
				CLANG_ANALYZER_NONNULL = YES;
				CLANG_ANALYZER_NUMBER_OBJECT_CONVERSION = YES_AGGRESSIVE;
				CLANG_CXX_LANGUAGE_STANDARD = "gnu++17";
				CLANG_ENABLE_MODULES = YES;
				CLANG_ENABLE_OBJC_ARC = YES;
				CLANG_ENABLE_OBJC_WEAK = YES;
				CLANG_WARN_BLOCK_CAPTURE_AUTORELEASING = YES;
				CLANG_WARN_BOOL_CONVERSION = YES;
				CLANG_WARN_COMMA = YES;
				CLANG_WARN_CONSTANT_CONVERSION = YES;
				CLANG_WARN_DEPRECATED_OBJC_IMPLEMENTATIONS = YES;
				CLANG_WARN_DIRECT_OBJC_ISA_USAGE = YES_ERROR;
				CLANG_WARN_DOCUMENTATION_COMMENTS = YES;
				CLANG_WARN_EMPTY_BODY = YES;
				CLANG_WARN_ENUM_CONVERSION = YES;
				CLANG_WARN_INFINITE_RECURSION = YES;
				CLANG_WARN_INT_CONVERSION = YES;
				CLANG_WARN_NON_LITERAL_NULL_CONVERSION = YES;
				CLANG_WARN_OBJC_IMPLICIT_RETAIN_SELF = YES;
				CLANG_WARN_OBJC_LITERAL_CONVERSION = YES;
				CLANG_WARN_OBJC_ROOT_CLASS = YES_ERROR;
				CLANG_WARN_QUOTED_INCLUDE_IN_FRAMEWORK_HEADER = YES;
				CLANG_WARN_RANGE_LOOP_ANALYSIS = YES;
				CLANG_WARN_STRICT_PROTOTYPES = YES;
				CLANG_WARN_SUSPICIOUS_MOVE = YES;
				CLANG_WARN_UNGUARDED_AVAILABILITY = YES_AGGRESSIVE;
				CLANG_WARN_UNREACHABLE_CODE = YES;
				CLANG_WARN__DUPLICATE_METHOD_MATCH = YES;
				COPY_PHASE_STRIP = NO;
				DEBUG_INFORMATION_FORMAT = "dwarf-with-dsym";
				ENABLE_NS_ASSERTIONS = NO;
				ENABLE_STRICT_OBJC_MSGSEND = YES;
				GCC_C_LANGUAGE_STANDARD = gnu11;
				GCC_NO_COMMON_BLOCKS = YES;
				GCC_WARN_64_TO_32_BIT_CONVERSION = YES;
				GCC_WARN_ABOUT_RETURN_TYPE = YES_ERROR;
				GCC_WARN_UNDECLARED_SELECTOR = YES;
				GCC_WARN_UNINITIALIZED_AUTOS = YES_AGGRESSIVE;
				GCC_WARN_UNUSED_FUNCTION = YES;
				GCC_WARN_UNUSED_VARIABLE = YES;
				IPHONEOS_DEPLOYMENT_TARGET = 15.4;
				MTL_ENABLE_DEBUG_INFO = NO;
				MTL_FAST_MATH = YES;
				SDKROOT = iphoneos;
				SWIFT_COMPILATION_MODE = wholemodule;
				SWIFT_OPTIMIZATION_LEVEL = "-O";
				VALIDATE_PRODUCT = YES;
			};
			name = Release;
		};
		DAF3D35E281DE1CF005E15DF /* Debug */ = {
			isa = XCBuildConfiguration;
			buildSettings = {
				ASSETCATALOG_COMPILER_APPICON_NAME = AppIcon;
				ASSETCATALOG_COMPILER_GLOBAL_ACCENT_COLOR_NAME = AccentColor;
				CODE_SIGN_STYLE = Automatic;
				CURRENT_PROJECT_VERSION = 1;
				DEVELOPMENT_TEAM = PFMP7MNJM2;
				GENERATE_INFOPLIST_FILE = YES;
				INFOPLIST_FILE = udemy_navigation_yayginyontem/Info.plist;
				INFOPLIST_KEY_UIApplicationSupportsIndirectInputEvents = YES;
				INFOPLIST_KEY_UILaunchStoryboardName = LaunchScreen;
				INFOPLIST_KEY_UIMainStoryboardFile = Main;
				INFOPLIST_KEY_UISupportedInterfaceOrientations_iPad = "UIInterfaceOrientationPortrait UIInterfaceOrientationPortraitUpsideDown UIInterfaceOrientationLandscapeLeft UIInterfaceOrientationLandscapeRight";
				INFOPLIST_KEY_UISupportedInterfaceOrientations_iPhone = "UIInterfaceOrientationPortrait UIInterfaceOrientationLandscapeLeft UIInterfaceOrientationLandscapeRight";
				LD_RUNPATH_SEARCH_PATHS = (
					"$(inherited)",
					"@executable_path/Frameworks",
				);
				MARKETING_VERSION = 1.0;
				PRODUCT_BUNDLE_IDENTIFIER = "com.erenveudemy.udemy-navigation-yayginyontem";
				PRODUCT_NAME = "$(TARGET_NAME)";
				SWIFT_EMIT_LOC_STRINGS = YES;
				SWIFT_VERSION = 5.0;
				TARGETED_DEVICE_FAMILY = "1,2";
			};
			name = Debug;
		};
		DAF3D35F281DE1CF005E15DF /* Release */ = {
			isa = XCBuildConfiguration;
			buildSettings = {
				ASSETCATALOG_COMPILER_APPICON_NAME = AppIcon;
				ASSETCATALOG_COMPILER_GLOBAL_ACCENT_COLOR_NAME = AccentColor;
				CODE_SIGN_STYLE = Automatic;
				CURRENT_PROJECT_VERSION = 1;
				DEVELOPMENT_TEAM = PFMP7MNJM2;
				GENERATE_INFOPLIST_FILE = YES;
				INFOPLIST_FILE = udemy_navigation_yayginyontem/Info.plist;
				INFOPLIST_KEY_UIApplicationSupportsIndirectInputEvents = YES;
				INFOPLIST_KEY_UILaunchStoryboardName = LaunchScreen;
				INFOPLIST_KEY_UIMainStoryboardFile = Main;
				INFOPLIST_KEY_UISupportedInterfaceOrientations_iPad = "UIInterfaceOrientationPortrait UIInterfaceOrientationPortraitUpsideDown UIInterfaceOrientationLandscapeLeft UIInterfaceOrientationLandscapeRight";
				INFOPLIST_KEY_UISupportedInterfaceOrientations_iPhone = "UIInterfaceOrientationPortrait UIInterfaceOrientationLandscapeLeft UIInterfaceOrientationLandscapeRight";
				LD_RUNPATH_SEARCH_PATHS = (
					"$(inherited)",
					"@executable_path/Frameworks",
				);
				MARKETING_VERSION = 1.0;
				PRODUCT_BUNDLE_IDENTIFIER = "com.erenveudemy.udemy-navigation-yayginyontem";
				PRODUCT_NAME = "$(TARGET_NAME)";
				SWIFT_EMIT_LOC_STRINGS = YES;
				SWIFT_VERSION = 5.0;
				TARGETED_DEVICE_FAMILY = "1,2";
			};
			name = Release;
		};
/* End XCBuildConfiguration section */

/* Begin XCConfigurationList section */
		DAF3D344281DE1CD005E15DF /* Build configuration list for PBXProject "udemy_navigation_yayginyontem" */ = {
			isa = XCConfigurationList;
			buildConfigurations = (
				DAF3D35B281DE1CF005E15DF /* Debug */,
				DAF3D35C281DE1CF005E15DF /* Release */,
			);
			defaultConfigurationIsVisible = 0;
			defaultConfigurationName = Release;
		};
		DAF3D35D281DE1CF005E15DF /* Build configuration list for PBXNativeTarget "udemy_navigation_yayginyontem" */ = {
			isa = XCConfigurationList;
			buildConfigurations = (
				DAF3D35E281DE1CF005E15DF /* Debug */,
				DAF3D35F281DE1CF005E15DF /* Release */,
			);
			defaultConfigurationIsVisible = 0;
			defaultConfigurationName = Release;
		};
/* End XCConfigurationList section */
	};
	rootObject = DAF3D341281DE1CD005E15DF /* Project object */;
}
